
Microsoft Visual Studio Solution File, Format Version 12.00
# Visual Studio 2012
Project("{FAE04EC0-301F-11D3-BF4B-00C04F79EFBC}") = "ILUMINACAO_PUBLICA", "ILUMINACAO_PUBLICA\ILUMINACAO_PUBLICA.csproj", "{DD85D244-92E8-4A1D-BE9E-69CD0B2A1561}"
EndProject
Project("{FAE04EC0-301F-11D3-BF4B-00C04F79EFBC}") = "ILUMINACAO_PUBLICA.Tests", "ILUMINACAO_PUBLICA.Tests\ILUMINACAO_PUBLICA.Tests.csproj", "{3FE9418B-E254-46DF-BD84-58E1494EC305}"
EndProject
Global
	GlobalSection(SolutionConfigurationPlatforms) = preSolution
		Debug|Any CPU = Debug|Any CPU
		Release|Any CPU = Release|Any CPU
	EndGlobalSection
	GlobalSection(ProjectConfigurationPlatforms) = postSolution
		{DD85D244-92E8-4A1D-BE9E-69CD0B2A1561}.Debug|Any CPU.ActiveCfg = Debug|Any CPU
		{DD85D244-92E8-4A1D-BE9E-69CD0B2A1561}.Debug|Any CPU.Build.0 = Debug|Any CPU
		{DD85D244-92E8-4A1D-BE9E-69CD0B2A1561}.Release|Any CPU.ActiveCfg = Release|Any CPU
		{DD85D244-92E8-4A1D-BE9E-69CD0B2A1561}.Release|Any CPU.Build.0 = Release|Any CPU
		{3FE9418B-E254-46DF-BD84-58E1494EC305}.Debug|Any CPU.ActiveCfg = Debug|Any CPU
		{3FE9418B-E254-46DF-BD84-58E1494EC305}.Debug|Any CPU.Build.0 = Debug|Any CPU
		{3FE9418B-E254-46DF-BD84-58E1494EC305}.Release|Any CPU.ActiveCfg = Release|Any CPU
		{3FE9418B-E254-46DF-BD84-58E1494EC305}.Release|Any CPU.Build.0 = Release|Any CPU
	EndGlobalSection
	GlobalSection(SolutionProperties) = preSolution
		HideSolutionNode = FALSE
	EndGlobalSection
EndGlobal
